// !$*UTF8*$!
{
	archiveVersion = 1;
	classes = {
	};
	objectVersion = 77;
	objects = {

/* Begin PBXBuildFile section */
		B741B39B2E1D19B70056FE4C /* FirebaseAI in Frameworks */ = {isa = PBXBuildFile; productRef = B741B39A2E1D19B70056FE4C /* FirebaseAI */; };
		B741B39D2E1D19B70056FE4C /* FirebaseAnalytics in Frameworks */ = {isa = PBXBuildFile; productRef = B741B39C2E1D19B70056FE4C /* FirebaseAnalytics */; };
		B741B39F2E1D19B70056FE4C /* FirebaseAnalyticsCore in Frameworks */ = {isa = PBXBuildFile; productRef = B741B39E2E1D19B70056FE4C /* FirebaseAnalyticsCore */; };
		B741B3A12E1D19B70056FE4C /* FirebaseAnalyticsIdentitySupport in Frameworks */ = {isa = PBXBuildFile; productRef = B741B3A02E1D19B70056FE4C /* FirebaseAnalyticsIdentitySupport */; };
		B741B3A32E1D19B70056FE4C /* FirebaseAnalyticsOnDeviceConversion in Frameworks */ = {isa = PBXBuildFile; productRef = B741B3A22E1D19B70056FE4C /* FirebaseAnalyticsOnDeviceConversion */; };
		B741B3A52E1D19B70056FE4C /* FirebaseAnalyticsWithoutAdIdSupport in Frameworks */ = {isa = PBXBuildFile; productRef = B741B3A42E1D19B70056FE4C /* FirebaseAnalyticsWithoutAdIdSupport */; };
		B741B3A72E1D19B70056FE4C /* FirebaseAppCheck in Frameworks */ = {isa = PBXBuildFile; productRef = B741B3A62E1D19B70056FE4C /* FirebaseAppCheck */; };
		B741B3A92E1D19B70056FE4C /* FirebaseAppDistribution-Beta in Frameworks */ = {isa = PBXBuildFile; productRef = B741B3A82E1D19B70056FE4C /* FirebaseAppDistribution-Beta */; };
		B741B3AB2E1D19B70056FE4C /* FirebaseAuth in Frameworks */ = {isa = PBXBuildFile; productRef = B741B3AA2E1D19B70056FE4C /* FirebaseAuth */; };
		B741B3AD2E1D19B70056FE4C /* FirebaseAuthCombine-Community in Frameworks */ = {isa = PBXBuildFile; productRef = B741B3AC2E1D19B70056FE4C /* FirebaseAuthCombine-Community */; };
		B741B3AF2E1D19B70056FE4C /* FirebaseCore in Frameworks */ = {isa = PBXBuildFile; productRef = B741B3AE2E1D19B70056FE4C /* FirebaseCore */; };
		B741B3B12E1D19B70056FE4C /* FirebaseCrashlytics in Frameworks */ = {isa = PBXBuildFile; productRef = B741B3B02E1D19B70056FE4C /* FirebaseCrashlytics */; };
		B741B3B32E1D19B70056FE4C /* FirebaseDatabase in Frameworks */ = {isa = PBXBuildFile; productRef = B741B3B22E1D19B70056FE4C /* FirebaseDatabase */; };
		B741B3B52E1D19B70056FE4C /* FirebaseDynamicLinks in Frameworks */ = {isa = PBXBuildFile; productRef = B741B3B42E1D19B70056FE4C /* FirebaseDynamicLinks */; };
		B741B3B72E1D19B70056FE4C /* FirebaseFirestore in Frameworks */ = {isa = PBXBuildFile; productRef = B741B3B62E1D19B70056FE4C /* FirebaseFirestore */; };
		B741B3B92E1D19B70056FE4C /* FirebaseFirestoreCombine-Community in Frameworks */ = {isa = PBXBuildFile; productRef = B741B3B82E1D19B70056FE4C /* FirebaseFirestoreCombine-Community */; };
		B741B3BB2E1D19B70056FE4C /* FirebaseFunctions in Frameworks */ = {isa = PBXBuildFile; productRef = B741B3BA2E1D19B70056FE4C /* FirebaseFunctions */; };
		B741B3BD2E1D19B70056FE4C /* FirebaseFunctionsCombine-Community in Frameworks */ = {isa = PBXBuildFile; productRef = B741B3BC2E1D19B70056FE4C /* FirebaseFunctionsCombine-Community */; };
		B741B3BF2E1D19B70056FE4C /* FirebaseInAppMessaging-Beta in Frameworks */ = {isa = PBXBuildFile; productRef = B741B3BE2E1D19B70056FE4C /* FirebaseInAppMessaging-Beta */; };
		B741B3C12E1D19B70056FE4C /* FirebaseInstallations in Frameworks */ = {isa = PBXBuildFile; productRef = B741B3C02E1D19B70056FE4C /* FirebaseInstallations */; };
		B741B3C32E1D19B70056FE4C /* FirebaseMLModelDownloader in Frameworks */ = {isa = PBXBuildFile; productRef = B741B3C22E1D19B70056FE4C /* FirebaseMLModelDownloader */; };
		B741B3C52E1D19B70056FE4C /* FirebaseMessaging in Frameworks */ = {isa = PBXBuildFile; productRef = B741B3C42E1D19B70056FE4C /* FirebaseMessaging */; };
		B741B3C72E1D19B70056FE4C /* FirebasePerformance in Frameworks */ = {isa = PBXBuildFile; productRef = B741B3C62E1D19B70056FE4C /* FirebasePerformance */; };
		B741B3C92E1D19B70056FE4C /* FirebaseRemoteConfig in Frameworks */ = {isa = PBXBuildFile; productRef = B741B3C82E1D19B70056FE4C /* FirebaseRemoteConfig */; };
		B741B3CB2E1D19B70056FE4C /* FirebaseStorage in Frameworks */ = {isa = PBXBuildFile; productRef = B741B3CA2E1D19B70056FE4C /* FirebaseStorage */; };
		B741B3CD2E1D19B70056FE4C /* FirebaseStorageCombine-Community in Frameworks */ = {isa = PBXBuildFile; productRef = B741B3CC2E1D19B70056FE4C /* FirebaseStorageCombine-Community */; };
		B741B3CF2E1D19B70056FE4C /* FirebaseVertexAI in Frameworks */ = {isa = PBXBuildFile; productRef = B741B3CE2E1D19B70056FE4C /* FirebaseVertexAI */; };
/* End PBXBuildFile section */

/* Begin PBXFileReference section */
		B9DA97B12DC1472C00A4DA20 /* cueview.app */ = {isa = PBXFileReference; explicitFileType = wrapper.application; includeInIndex = 0; path = cueview.app; sourceTree = BUILT_PRODUCTS_DIR; };
/* End PBXFileReference section */

/* Begin PBXFileSystemSynchronizedBuildFileExceptionSet section */
		B99700CA2DC9B8D800C7335B /* Exceptions for "iosApp" folder in "iosApp" target */ = {
			isa = PBXFileSystemSynchronizedBuildFileExceptionSet;
			membershipExceptions = (
				Info.plist,
			);
			target = B9DA97B02DC1472C00A4DA20 /* iosApp */;
		};
/* End PBXFileSystemSynchronizedBuildFileExceptionSet section */

/* Begin PBXFileSystemSynchronizedRootGroup section */
		B9DA97B32DC1472C00A4DA20 /* iosApp */ = {
			isa = PBXFileSystemSynchronizedRootGroup;
			exceptions = (
				B99700CA2DC9B8D800C7335B /* Exceptions for "iosApp" folder in "iosApp" target */,
			);
			path = iosApp;
			sourceTree = "<group>";
		};
		B9DA98002DC14AA900A4DA20 /* Configuration */ = {
			isa = PBXFileSystemSynchronizedRootGroup;
			path = Configuration;
			sourceTree = "<group>";
		};
/* End PBXFileSystemSynchronizedRootGroup section */

/* Begin PBXFrameworksBuildPhase section */
		B9DA97AE2DC1472C00A4DA20 /* Frameworks */ = {
			isa = PBXFrameworksBuildPhase;
			buildActionMask = 2147483647;
			files = (
				B741B3BB2E1D19B70056FE4C /* FirebaseFunctions in Frameworks */,
				B741B3B32E1D19B70056FE4C /* FirebaseDatabase in Frameworks */,
				B741B3A12E1D19B70056FE4C /* FirebaseAnalyticsIdentitySupport in Frameworks */,
				B741B3CB2E1D19B70056FE4C /* FirebaseStorage in Frameworks */,
				B741B3A52E1D19B70056FE4C /* FirebaseAnalyticsWithoutAdIdSupport in Frameworks */,
				B741B3AF2E1D19B70056FE4C /* FirebaseCore in Frameworks */,
				B741B39D2E1D19B70056FE4C /* FirebaseAnalytics in Frameworks */,
				B741B3C32E1D19B70056FE4C /* FirebaseMLModelDownloader in Frameworks */,
				B741B3B52E1D19B70056FE4C /* FirebaseDynamicLinks in Frameworks */,
				B741B3A32E1D19B70056FE4C /* FirebaseAnalyticsOnDeviceConversion in Frameworks */,
				B741B3AB2E1D19B70056FE4C /* FirebaseAuth in Frameworks */,
				B741B3B72E1D19B70056FE4C /* FirebaseFirestore in Frameworks */,
				B741B3B92E1D19B70056FE4C /* FirebaseFirestoreCombine-Community in Frameworks */,
				B741B3CF2E1D19B70056FE4C /* FirebaseVertexAI in Frameworks */,
				B741B3BF2E1D19B70056FE4C /* FirebaseInAppMessaging-Beta in Frameworks */,
				B741B3BD2E1D19B70056FE4C /* FirebaseFunctionsCombine-Community in Frameworks */,
				B741B3A72E1D19B70056FE4C /* FirebaseAppCheck in Frameworks */,
				B741B3CD2E1D19B70056FE4C /* FirebaseStorageCombine-Community in Frameworks */,
				B741B3C92E1D19B70056FE4C /* FirebaseRemoteConfig in Frameworks */,
				B741B39F2E1D19B70056FE4C /* FirebaseAnalyticsCore in Frameworks */,
				B741B39B2E1D19B70056FE4C /* FirebaseAI in Frameworks */,
				B741B3C72E1D19B70056FE4C /* FirebasePerformance in Frameworks */,
				B741B3B12E1D19B70056FE4C /* FirebaseCrashlytics in Frameworks */,
				B741B3A92E1D19B70056FE4C /* FirebaseAppDistribution-Beta in Frameworks */,
				B741B3AD2E1D19B70056FE4C /* FirebaseAuthCombine-Community in Frameworks */,
				B741B3C52E1D19B70056FE4C /* FirebaseMessaging in Frameworks */,
				B741B3C12E1D19B70056FE4C /* FirebaseInstallations in Frameworks */,
			);
			runOnlyForDeploymentPostprocessing = 0;
		};
/* End PBXFrameworksBuildPhase section */

/* Begin PBXGroup section */
		B9DA97A82DC1472C00A4DA20 = {
			isa = PBXGroup;
			children = (
				B9DA98002DC14AA900A4DA20 /* Configuration */,
				B9DA97B32DC1472C00A4DA20 /* iosApp */,
				B9DA97B22DC1472C00A4DA20 /* Products */,
			);
			sourceTree = "<group>";
		};
		B9DA97B22DC1472C00A4DA20 /* Products */ = {
			isa = PBXGroup;
			children = (
				B9DA97B12DC1472C00A4DA20 /* cueview.app */,
			);
			name = Products;
			sourceTree = "<group>";
		};
/* End PBXGroup section */

/* Begin PBXNativeTarget section */
		B9DA97B02DC1472C00A4DA20 /* iosApp */ = {
			isa = PBXNativeTarget;
			buildConfigurationList = B9DA97BF2DC1472D00A4DA20 /* Build configuration list for PBXNativeTarget "iosApp" */;
			buildPhases = (
				B9DA97F42DC1497100A4DA20 /* Compile Kotlin Framework */,
				B9DA97AD2DC1472C00A4DA20 /* Sources */,
				B9DA97AE2DC1472C00A4DA20 /* Frameworks */,
				B9DA97AF2DC1472C00A4DA20 /* Resources */,
			);
			buildRules = (
			);
			dependencies = (
			);
			fileSystemSynchronizedGroups = (
				B9DA97B32DC1472C00A4DA20 /* iosApp */,
			);
			name = iosApp;
			packageProductDependencies = (
				B741B39A2E1D19B70056FE4C /* FirebaseAI */,
				B741B39C2E1D19B70056FE4C /* FirebaseAnalytics */,
				B741B39E2E1D19B70056FE4C /* FirebaseAnalyticsCore */,
				B741B3A02E1D19B70056FE4C /* FirebaseAnalyticsIdentitySupport */,
				B741B3A22E1D19B70056FE4C /* FirebaseAnalyticsOnDeviceConversion */,
				B741B3A42E1D19B70056FE4C /* FirebaseAnalyticsWithoutAdIdSupport */,
				B741B3A62E1D19B70056FE4C /* FirebaseAppCheck */,
				B741B3A82E1D19B70056FE4C /* FirebaseAppDistribution-Beta */,
				B741B3AA2E1D19B70056FE4C /* FirebaseAuth */,
				B741B3AC2E1D19B70056FE4C /* FirebaseAuthCombine-Community */,
				B741B3AE2E1D19B70056FE4C /* FirebaseCore */,
				B741B3B02E1D19B70056FE4C /* FirebaseCrashlytics */,
				B741B3B22E1D19B70056FE4C /* FirebaseDatabase */,
				B741B3B42E1D19B70056FE4C /* FirebaseDynamicLinks */,
				B741B3B62E1D19B70056FE4C /* FirebaseFirestore */,
				B741B3B82E1D19B70056FE4C /* FirebaseFirestoreCombine-Community */,
				B741B3BA2E1D19B70056FE4C /* FirebaseFunctions */,
				B741B3BC2E1D19B70056FE4C /* FirebaseFunctionsCombine-Community */,
				B741B3BE2E1D19B70056FE4C /* FirebaseInAppMessaging-Beta */,
				B741B3C02E1D19B70056FE4C /* FirebaseInstallations */,
				B741B3C22E1D19B70056FE4C /* FirebaseMLModelDownloader */,
				B741B3C42E1D19B70056FE4C /* FirebaseMessaging */,
				B741B3C62E1D19B70056FE4C /* FirebasePerformance */,
				B741B3C82E1D19B70056FE4C /* FirebaseRemoteConfig */,
				B741B3CA2E1D19B70056FE4C /* FirebaseStorage */,
				B741B3CC2E1D19B70056FE4C /* FirebaseStorageCombine-Community */,
				B741B3CE2E1D19B70056FE4C /* FirebaseVertexAI */,
			);
			productName = iosApp;
			productReference = B9DA97B12DC1472C00A4DA20 /* cueview.app */;
			productType = "com.apple.product-type.application";
		};
/* End PBXNativeTarget section */

/* Begin PBXProject section */
		B9DA97A92DC1472C00A4DA20 /* Project object */ = {
			isa = PBXProject;
			attributes = {
				BuildIndependentTargetsInParallel = 1;
				LastSwiftUpdateCheck = 1620;
				LastUpgradeCheck = 1620;
				TargetAttributes = {
					B9DA97B02DC1472C00A4DA20 = {
						CreatedOnToolsVersion = 16.2;
					};
				};
			};
			buildConfigurationList = B9DA97AC2DC1472C00A4DA20 /* Build configuration list for PBXProject "iosApp" */;
			developmentRegion = en;
			hasScannedForEncodings = 0;
			knownRegions = (
				en,
				Base,
			);
			mainGroup = B9DA97A82DC1472C00A4DA20;
			minimizedProjectReferenceProxies = 1;
			packageReferences = (
				B75D229C2E1D087E0039411C /* XCRemoteSwiftPackageReference "firebase-ios-sdk" */,
			);
			preferredProjectObjectVersion = 77;
			productRefGroup = B9DA97B22DC1472C00A4DA20 /* Products */;
			projectDirPath = "";
			projectRoot = "";
			targets = (
				B9DA97B02DC1472C00A4DA20 /* iosApp */,
			);
		};
/* End PBXProject section */

/* Begin PBXResourcesBuildPhase section */
		B9DA97AF2DC1472C00A4DA20 /* Resources */ = {
			isa = PBXResourcesBuildPhase;
			buildActionMask = 2147483647;
			files = (
			);
			runOnlyForDeploymentPostprocessing = 0;
		};
/* End PBXResourcesBuildPhase section */

/* Begin PBXShellScriptBuildPhase section */
		B9DA97F42DC1497100A4DA20 /* Compile Kotlin Framework */ = {
			isa = PBXShellScriptBuildPhase;
			alwaysOutOfDate = 1;
			buildActionMask = 2147483647;
			files = (
			);
			inputFileListPaths = (
			);
			inputPaths = (
			);
			name = "Compile Kotlin Framework";
			outputFileListPaths = (
			);
			outputPaths = (
			);
			runOnlyForDeploymentPostprocessing = 0;
			shellPath = /bin/sh;
			shellScript = "if [ \"YES\" = \"$OVERRIDE_KOTLIN_BUILD_IDE_SUPPORTED\" ]; then\n  echo \"Skipping Gradle build task invocation due to OVERRIDE_KOTLIN_BUILD_IDE_SUPPORTED environment variable set to \\\"YES\\\"\"\n  exit 0\nfi\ncd \"$SRCROOT/..\"\n./gradlew :composeApp:embedAndSignAppleFrameworkForXcode\n";
		};
/* End PBXShellScriptBuildPhase section */

/* Begin PBXSourcesBuildPhase section */
		B9DA97AD2DC1472C00A4DA20 /* Sources */ = {
			isa = PBXSourcesBuildPhase;
			buildActionMask = 2147483647;
			files = (
			);
			runOnlyForDeploymentPostprocessing = 0;
		};
/* End PBXSourcesBuildPhase section */

/* Begin XCBuildConfiguration section */
		B9DA97BD2DC1472D00A4DA20 /* Debug */ = {
			isa = XCBuildConfiguration;
			buildSettings = {
				ALWAYS_SEARCH_USER_PATHS = NO;
				ASSETCATALOG_COMPILER_GENERATE_SWIFT_ASSET_SYMBOL_EXTENSIONS = YES;
				CLANG_ANALYZER_NONNULL = YES;
				CLANG_ANALYZER_NUMBER_OBJECT_CONVERSION = YES_AGGRESSIVE;
				CLANG_CXX_LANGUAGE_STANDARD = "gnu++20";
				CLANG_ENABLE_MODULES = YES;
				CLANG_ENABLE_OBJC_ARC = YES;
				CLANG_ENABLE_OBJC_WEAK = YES;
				CLANG_WARN_BLOCK_CAPTURE_AUTORELEASING = YES;
				CLANG_WARN_BOOL_CONVERSION = YES;
				CLANG_WARN_COMMA = YES;
				CLANG_WARN_CONSTANT_CONVERSION = YES;
				CLANG_WARN_DEPRECATED_OBJC_IMPLEMENTATIONS = YES;
				CLANG_WARN_DIRECT_OBJC_ISA_USAGE = YES_ERROR;
				CLANG_WARN_DOCUMENTATION_COMMENTS = YES;
				CLANG_WARN_EMPTY_BODY = YES;
				CLANG_WARN_ENUM_CONVERSION = YES;
				CLANG_WARN_INFINITE_RECURSION = YES;
				CLANG_WARN_INT_CONVERSION = YES;
				CLANG_WARN_NON_LITERAL_NULL_CONVERSION = YES;
				CLANG_WARN_OBJC_IMPLICIT_RETAIN_SELF = YES;
				CLANG_WARN_OBJC_LITERAL_CONVERSION = YES;
				CLANG_WARN_OBJC_ROOT_CLASS = YES_ERROR;
				CLANG_WARN_QUOTED_INCLUDE_IN_FRAMEWORK_HEADER = YES;
				CLANG_WARN_RANGE_LOOP_ANALYSIS = YES;
				CLANG_WARN_STRICT_PROTOTYPES = YES;
				CLANG_WARN_SUSPICIOUS_MOVE = YES;
				CLANG_WARN_UNGUARDED_AVAILABILITY = YES_AGGRESSIVE;
				CLANG_WARN_UNREACHABLE_CODE = YES;
				CLANG_WARN__DUPLICATE_METHOD_MATCH = YES;
				COPY_PHASE_STRIP = NO;
				DEBUG_INFORMATION_FORMAT = dwarf;
				ENABLE_STRICT_OBJC_MSGSEND = YES;
				ENABLE_TESTABILITY = YES;
				ENABLE_USER_SCRIPT_SANDBOXING = NO;
				GCC_C_LANGUAGE_STANDARD = gnu17;
				GCC_DYNAMIC_NO_PIC = NO;
				GCC_NO_COMMON_BLOCKS = YES;
				GCC_OPTIMIZATION_LEVEL = 0;
				GCC_PREPROCESSOR_DEFINITIONS = (
					"DEBUG=1",
					"$(inherited)",
				);
				GCC_WARN_64_TO_32_BIT_CONVERSION = YES;
				GCC_WARN_ABOUT_RETURN_TYPE = YES_ERROR;
				GCC_WARN_UNDECLARED_SELECTOR = YES;
				GCC_WARN_UNINITIALIZED_AUTOS = YES_AGGRESSIVE;
				GCC_WARN_UNUSED_FUNCTION = YES;
				GCC_WARN_UNUSED_VARIABLE = YES;
				IPHONEOS_DEPLOYMENT_TARGET = 18.2;
				LOCALIZATION_PREFERS_STRING_CATALOGS = YES;
				MTL_ENABLE_DEBUG_INFO = INCLUDE_SOURCE;
				MTL_FAST_MATH = YES;
				ONLY_ACTIVE_ARCH = YES;
				SDKROOT = iphoneos;
				SWIFT_ACTIVE_COMPILATION_CONDITIONS = "DEBUG $(inherited)";
				SWIFT_OPTIMIZATION_LEVEL = "-Onone";
			};
			name = Debug;
		};
		B9DA97BE2DC1472D00A4DA20 /* Release */ = {
			isa = XCBuildConfiguration;
			buildSettings = {
				ALWAYS_SEARCH_USER_PATHS = NO;
				ASSETCATALOG_COMPILER_GENERATE_SWIFT_ASSET_SYMBOL_EXTENSIONS = YES;
				CLANG_ANALYZER_NONNULL = YES;
				CLANG_ANALYZER_NUMBER_OBJECT_CONVERSION = YES_AGGRESSIVE;
				CLANG_CXX_LANGUAGE_STANDARD = "gnu++20";
				CLANG_ENABLE_MODULES = YES;
				CLANG_ENABLE_OBJC_ARC = YES;
				CLANG_ENABLE_OBJC_WEAK = YES;
				CLANG_WARN_BLOCK_CAPTURE_AUTORELEASING = YES;
				CLANG_WARN_BOOL_CONVERSION = YES;
				CLANG_WARN_COMMA = YES;
				CLANG_WARN_CONSTANT_CONVERSION = YES;
				CLANG_WARN_DEPRECATED_OBJC_IMPLEMENTATIONS = YES;
				CLANG_WARN_DIRECT_OBJC_ISA_USAGE = YES_ERROR;
				CLANG_WARN_DOCUMENTATION_COMMENTS = YES;
				CLANG_WARN_EMPTY_BODY = YES;
				CLANG_WARN_ENUM_CONVERSION = YES;
				CLANG_WARN_INFINITE_RECURSION = YES;
				CLANG_WARN_INT_CONVERSION = YES;
				CLANG_WARN_NON_LITERAL_NULL_CONVERSION = YES;
				CLANG_WARN_OBJC_IMPLICIT_RETAIN_SELF = YES;
				CLANG_WARN_OBJC_LITERAL_CONVERSION = YES;
				CLANG_WARN_OBJC_ROOT_CLASS = YES_ERROR;
				CLANG_WARN_QUOTED_INCLUDE_IN_FRAMEWORK_HEADER = YES;
				CLANG_WARN_RANGE_LOOP_ANALYSIS = YES;
				CLANG_WARN_STRICT_PROTOTYPES = YES;
				CLANG_WARN_SUSPICIOUS_MOVE = YES;
				CLANG_WARN_UNGUARDED_AVAILABILITY = YES_AGGRESSIVE;
				CLANG_WARN_UNREACHABLE_CODE = YES;
				CLANG_WARN__DUPLICATE_METHOD_MATCH = YES;
				COPY_PHASE_STRIP = NO;
				DEBUG_INFORMATION_FORMAT = "dwarf-with-dsym";
				ENABLE_NS_ASSERTIONS = NO;
				ENABLE_STRICT_OBJC_MSGSEND = YES;
				ENABLE_USER_SCRIPT_SANDBOXING = NO;
				GCC_C_LANGUAGE_STANDARD = gnu17;
				GCC_NO_COMMON_BLOCKS = YES;
				GCC_WARN_64_TO_32_BIT_CONVERSION = YES;
				GCC_WARN_ABOUT_RETURN_TYPE = YES_ERROR;
				GCC_WARN_UNDECLARED_SELECTOR = YES;
				GCC_WARN_UNINITIALIZED_AUTOS = YES_AGGRESSIVE;
				GCC_WARN_UNUSED_FUNCTION = YES;
				GCC_WARN_UNUSED_VARIABLE = YES;
				IPHONEOS_DEPLOYMENT_TARGET = 18.2;
				LOCALIZATION_PREFERS_STRING_CATALOGS = YES;
				MTL_ENABLE_DEBUG_INFO = NO;
				MTL_FAST_MATH = YES;
				SDKROOT = iphoneos;
				SWIFT_COMPILATION_MODE = wholemodule;
				VALIDATE_PRODUCT = YES;
			};
			name = Release;
		};
		B9DA97C02DC1472D00A4DA20 /* Debug */ = {
			isa = XCBuildConfiguration;
			baseConfigurationReferenceAnchor = B9DA98002DC14AA900A4DA20 /* Configuration */;
			baseConfigurationReferenceRelativePath = Config.xcconfig;
			buildSettings = {
				ASSETCATALOG_COMPILER_APPICON_NAME = AppIcon;
				ASSETCATALOG_COMPILER_GLOBAL_ACCENT_COLOR_NAME = AccentColor;
				CODE_SIGN_IDENTITY = "Apple Development";
				CODE_SIGN_STYLE = Automatic;
				DEVELOPMENT_ASSET_PATHS = "\"iosApp/Preview Content\"";
				DEVELOPMENT_TEAM = "${TEAM_ID}";
				ENABLE_PREVIEWS = YES;
				FRAMEWORK_SEARCH_PATHS = (
					"$(inherited)",
					"$(SRCROOT)/../shared/build/xcode-frameworks/$(CONFIGURATION)/$(SDK_NAME)\n$(SRCROOT)/../composeApp/build/xcode-frameworks/$(CONFIGURATION)/$(SDK_NAME)",
				);
				GENERATE_INFOPLIST_FILE = YES;
				INFOPLIST_FILE = iosApp/Info.plist;
				INFOPLIST_KEY_UIApplicationSceneManifest_Generation = YES;
				INFOPLIST_KEY_UIApplicationSupportsIndirectInputEvents = YES;
				INFOPLIST_KEY_UILaunchScreen_Generation = YES;
				INFOPLIST_KEY_UISupportedInterfaceOrientations_iPad = "UIInterfaceOrientationPortrait UIInterfaceOrientationPortraitUpsideDown UIInterfaceOrientationLandscapeLeft UIInterfaceOrientationLandscapeRight";
				INFOPLIST_KEY_UISupportedInterfaceOrientations_iPhone = "UIInterfaceOrientationPortrait UIInterfaceOrientationLandscapeLeft UIInterfaceOrientationLandscapeRight";
				LD_RUNPATH_SEARCH_PATHS = (
					"$(inherited)",
					"@executable_path/Frameworks",
				);
				SWIFT_EMIT_LOC_STRINGS = YES;
				SWIFT_VERSION = 5.0;
				TARGETED_DEVICE_FAMILY = "1,2";
			};
			name = Debug;
		};
		B9DA97C12DC1472D00A4DA20 /* Release */ = {
			isa = XCBuildConfiguration;
			baseConfigurationReferenceAnchor = B9DA98002DC14AA900A4DA20 /* Configuration */;
			baseConfigurationReferenceRelativePath = Config.xcconfig;
			buildSettings = {
				ASSETCATALOG_COMPILER_APPICON_NAME = AppIcon;
				ASSETCATALOG_COMPILER_GLOBAL_ACCENT_COLOR_NAME = AccentColor;
				CODE_SIGN_IDENTITY = "Apple Development";
				CODE_SIGN_STYLE = Automatic;
				DEVELOPMENT_ASSET_PATHS = "\"iosApp/Preview Content\"";
				DEVELOPMENT_TEAM = "${TEAM_ID}";
				ENABLE_PREVIEWS = YES;
				FRAMEWORK_SEARCH_PATHS = (
					"$(inherited)",
					"$(SRCROOT)/../shared/build/xcode-frameworks/$(CONFIGURATION)/$(SDK_NAME)\n$(SRCROOT)/../composeApp/build/xcode-frameworks/$(CONFIGURATION)/$(SDK_NAME)",
				);
				GENERATE_INFOPLIST_FILE = YES;
				INFOPLIST_FILE = iosApp/Info.plist;
				INFOPLIST_KEY_UIApplicationSceneManifest_Generation = YES;
				INFOPLIST_KEY_UIApplicationSupportsIndirectInputEvents = YES;
				INFOPLIST_KEY_UILaunchScreen_Generation = YES;
				INFOPLIST_KEY_UISupportedInterfaceOrientations_iPad = "UIInterfaceOrientationPortrait UIInterfaceOrientationPortraitUpsideDown UIInterfaceOrientationLandscapeLeft UIInterfaceOrientationLandscapeRight";
				INFOPLIST_KEY_UISupportedInterfaceOrientations_iPhone = "UIInterfaceOrientationPortrait UIInterfaceOrientationLandscapeLeft UIInterfaceOrientationLandscapeRight";
				LD_RUNPATH_SEARCH_PATHS = (
					"$(inherited)",
					"@executable_path/Frameworks",
				);
				SWIFT_EMIT_LOC_STRINGS = YES;
				SWIFT_VERSION = 5.0;
				TARGETED_DEVICE_FAMILY = "1,2";
			};
			name = Release;
		};
/* End XCBuildConfiguration section */

/* Begin XCConfigurationList section */
		B9DA97AC2DC1472C00A4DA20 /* Build configuration list for PBXProject "iosApp" */ = {
			isa = XCConfigurationList;
			buildConfigurations = (
				B9DA97BD2DC1472D00A4DA20 /* Debug */,
				B9DA97BE2DC1472D00A4DA20 /* Release */,
			);
			defaultConfigurationIsVisible = 0;
			defaultConfigurationName = Release;
		};
		B9DA97BF2DC1472D00A4DA20 /* Build configuration list for PBXNativeTarget "iosApp" */ = {
			isa = XCConfigurationList;
			buildConfigurations = (
				B9DA97C02DC1472D00A4DA20 /* Debug */,
				B9DA97C12DC1472D00A4DA20 /* Release */,
			);
			defaultConfigurationIsVisible = 0;
			defaultConfigurationName = Release;
		};
/* End XCConfigurationList section */

/* Begin XCRemoteSwiftPackageReference section */
		B75D229C2E1D087E0039411C /* XCRemoteSwiftPackageReference "firebase-ios-sdk" */ = {
			isa = XCRemoteSwiftPackageReference;
			repositoryURL = "https://github.com/firebase/firebase-ios-sdk";
			requirement = {
				kind = upToNextMajorVersion;
				minimumVersion = 11.15.0;
			};
		};
/* End XCRemoteSwiftPackageReference section */

/* Begin XCSwiftPackageProductDependency section */
		B741B39A2E1D19B70056FE4C /* FirebaseAI */ = {
			isa = XCSwiftPackageProductDependency;
			package = B75D229C2E1D087E0039411C /* XCRemoteSwiftPackageReference "firebase-ios-sdk" */;
			productName = FirebaseAI;
		};
		B741B39C2E1D19B70056FE4C /* FirebaseAnalytics */ = {
			isa = XCSwiftPackageProductDependency;
			package = B75D229C2E1D087E0039411C /* XCRemoteSwiftPackageReference "firebase-ios-sdk" */;
			productName = FirebaseAnalytics;
		};
		B741B39E2E1D19B70056FE4C /* FirebaseAnalyticsCore */ = {
			isa = XCSwiftPackageProductDependency;
			package = B75D229C2E1D087E0039411C /* XCRemoteSwiftPackageReference "firebase-ios-sdk" */;
			productName = FirebaseAnalyticsCore;
		};
		B741B3A02E1D19B70056FE4C /* FirebaseAnalyticsIdentitySupport */ = {
			isa = XCSwiftPackageProductDependency;
			package = B75D229C2E1D087E0039411C /* XCRemoteSwiftPackageReference "firebase-ios-sdk" */;
			productName = FirebaseAnalyticsIdentitySupport;
		};
		B741B3A22E1D19B70056FE4C /* FirebaseAnalyticsOnDeviceConversion */ = {
			isa = XCSwiftPackageProductDependency;
			package = B75D229C2E1D087E0039411C /* XCRemoteSwiftPackageReference "firebase-ios-sdk" */;
			productName = FirebaseAnalyticsOnDeviceConversion;
		};
		B741B3A42E1D19B70056FE4C /* FirebaseAnalyticsWithoutAdIdSupport */ = {
			isa = XCSwiftPackageProductDependency;
			package = B75D229C2E1D087E0039411C /* XCRemoteSwiftPackageReference "firebase-ios-sdk" */;
			productName = FirebaseAnalyticsWithoutAdIdSupport;
		};
		B741B3A62E1D19B70056FE4C /* FirebaseAppCheck */ = {
			isa = XCSwiftPackageProductDependency;
			package = B75D229C2E1D087E0039411C /* XCRemoteSwiftPackageReference "firebase-ios-sdk" */;
			productName = FirebaseAppCheck;
		};
		B741B3A82E1D19B70056FE4C /* FirebaseAppDistribution-Beta */ = {
			isa = XCSwiftPackageProductDependency;
			package = B75D229C2E1D087E0039411C /* XCRemoteSwiftPackageReference "firebase-ios-sdk" */;
			productName = "FirebaseAppDistribution-Beta";
		};
		B741B3AA2E1D19B70056FE4C /* FirebaseAuth */ = {
			isa = XCSwiftPackageProductDependency;
			package = B75D229C2E1D087E0039411C /* XCRemoteSwiftPackageReference "firebase-ios-sdk" */;
			productName = FirebaseAuth;
		};
		B741B3AC2E1D19B70056FE4C /* FirebaseAuthCombine-Community */ = {
			isa = XCSwiftPackageProductDependency;
			package = B75D229C2E1D087E0039411C /* XCRemoteSwiftPackageReference "firebase-ios-sdk" */;
			productName = "FirebaseAuthCombine-Community";
		};
		B741B3AE2E1D19B70056FE4C /* FirebaseCore */ = {
			isa = XCSwiftPackageProductDependency;
			package = B75D229C2E1D087E0039411C /* XCRemoteSwiftPackageReference "firebase-ios-sdk" */;
			productName = FirebaseCore;
		};
		B741B3B02E1D19B70056FE4C /* FirebaseCrashlytics */ = {
			isa = XCSwiftPackageProductDependency;
			package = B75D229C2E1D087E0039411C /* XCRemoteSwiftPackageReference "firebase-ios-sdk" */;
			productName = FirebaseCrashlytics;
		};
		B741B3B22E1D19B70056FE4C /* FirebaseDatabase */ = {
			isa = XCSwiftPackageProductDependency;
			package = B75D229C2E1D087E0039411C /* XCRemoteSwiftPackageReference "firebase-ios-sdk" */;
			productName = FirebaseDatabase;
		};
		B741B3B42E1D19B70056FE4C /* FirebaseDynamicLinks */ = {
			isa = XCSwiftPackageProductDependency;
			package = B75D229C2E1D087E0039411C /* XCRemoteSwiftPackageReference "firebase-ios-sdk" */;
			productName = FirebaseDynamicLinks;
		};
		B741B3B62E1D19B70056FE4C /* FirebaseFirestore */ = {
			isa = XCSwiftPackageProductDependency;
			package = B75D229C2E1D087E0039411C /* XCRemoteSwiftPackageReference "firebase-ios-sdk" */;
			productName = FirebaseFirestore;
		};
		B741B3B82E1D19B70056FE4C /* FirebaseFirestoreCombine-Community */ = {
			isa = XCSwiftPackageProductDependency;
			package = B75D229C2E1D087E0039411C /* XCRemoteSwiftPackageReference "firebase-ios-sdk" */;
			productName = "FirebaseFirestoreCombine-Community";
		};
		B741B3BA2E1D19B70056FE4C /* FirebaseFunctions */ = {
			isa = XCSwiftPackageProductDependency;
			package = B75D229C2E1D087E0039411C /* XCRemoteSwiftPackageReference "firebase-ios-sdk" */;
			productName = FirebaseFunctions;
		};
		B741B3BC2E1D19B70056FE4C /* FirebaseFunctionsCombine-Community */ = {
			isa = XCSwiftPackageProductDependency;
			package = B75D229C2E1D087E0039411C /* XCRemoteSwiftPackageReference "firebase-ios-sdk" */;
			productName = "FirebaseFunctionsCombine-Community";
		};
		B741B3BE2E1D19B70056FE4C /* FirebaseInAppMessaging-Beta */ = {
			isa = XCSwiftPackageProductDependency;
			package = B75D229C2E1D087E0039411C /* XCRemoteSwiftPackageReference "firebase-ios-sdk" */;
			productName = "FirebaseInAppMessaging-Beta";
		};
		B741B3C02E1D19B70056FE4C /* FirebaseInstallations */ = {
			isa = XCSwiftPackageProductDependency;
			package = B75D229C2E1D087E0039411C /* XCRemoteSwiftPackageReference "firebase-ios-sdk" */;
			productName = FirebaseInstallations;
		};
		B741B3C22E1D19B70056FE4C /* FirebaseMLModelDownloader */ = {
			isa = XCSwiftPackageProductDependency;
			package = B75D229C2E1D087E0039411C /* XCRemoteSwiftPackageReference "firebase-ios-sdk" */;
			productName = FirebaseMLModelDownloader;
		};
		B741B3C42E1D19B70056FE4C /* FirebaseMessaging */ = {
			isa = XCSwiftPackageProductDependency;
			package = B75D229C2E1D087E0039411C /* XCRemoteSwiftPackageReference "firebase-ios-sdk" */;
			productName = FirebaseMessaging;
		};
		B741B3C62E1D19B70056FE4C /* FirebasePerformance */ = {
			isa = XCSwiftPackageProductDependency;
			package = B75D229C2E1D087E0039411C /* XCRemoteSwiftPackageReference "firebase-ios-sdk" */;
			productName = FirebasePerformance;
		};
		B741B3C82E1D19B70056FE4C /* FirebaseRemoteConfig */ = {
			isa = XCSwiftPackageProductDependency;
			package = B75D229C2E1D087E0039411C /* XCRemoteSwiftPackageReference "firebase-ios-sdk" */;
			productName = FirebaseRemoteConfig;
		};
		B741B3CA2E1D19B70056FE4C /* FirebaseStorage */ = {
			isa = XCSwiftPackageProductDependency;
			package = B75D229C2E1D087E0039411C /* XCRemoteSwiftPackageReference "firebase-ios-sdk" */;
			productName = FirebaseStorage;
		};
		B741B3CC2E1D19B70056FE4C /* FirebaseStorageCombine-Community */ = {
			isa = XCSwiftPackageProductDependency;
			package = B75D229C2E1D087E0039411C /* XCRemoteSwiftPackageReference "firebase-ios-sdk" */;
			productName = "FirebaseStorageCombine-Community";
		};
		B741B3CE2E1D19B70056FE4C /* FirebaseVertexAI */ = {
			isa = XCSwiftPackageProductDependency;
			package = B75D229C2E1D087E0039411C /* XCRemoteSwiftPackageReference "firebase-ios-sdk" */;
			productName = FirebaseVertexAI;
		};
/* End XCSwiftPackageProductDependency section */
	};
	rootObject = B9DA97A92DC1472C00A4DA20 /* Project object */;
}
